
Microsoft Visual Studio Solution File, Format Version 12.00
# Visual Studio Version 17
VisualStudioVersion = 17.3.32825.248
MinimumVisualStudioVersion = 10.0.40219.1
Project("{888888A0-9F3D-457C-B088-3A5042F75D52}") = "shartOperatori_If_Elif_ElseAmaliyot", "shartOperatori_If_Elif_ElseAmaliyot.pyproj", "{D2F80A24-2769-4E0A-A997-10DD867C49BC}"
EndProject
Global
	GlobalSection(SolutionConfigurationPlatforms) = preSolution
		Debug|Any CPU = Debug|Any CPU
		Release|Any CPU = Release|Any CPU
	EndGlobalSection
	GlobalSection(ProjectConfigurationPlatforms) = postSolution
		{D2F80A24-2769-4E0A-A997-10DD867C49BC}.Debug|Any CPU.ActiveCfg = Debug|Any CPU
		{D2F80A24-2769-4E0A-A997-10DD867C49BC}.Release|Any CPU.ActiveCfg = Release|Any CPU
	EndGlobalSection
	GlobalSection(SolutionProperties) = preSolution
		HideSolutionNode = FALSE
	EndGlobalSection
	GlobalSection(ExtensibilityGlobals) = postSolution
		SolutionGuid = {0D4001AE-F661-44FB-86FC-C6FCD0AE55E2}
	EndGlobalSection
EndGlobal
